<?xml version="1.0" encoding="utf-8"?>
<Project ToolsVersion="4.0" xmlns="http://schemas.microsoft.com/developer/msbuild/2003">
  <ItemGroup>
    <Filter Include="源文件">
      <UniqueIdentifier>{4FC737F1-C7A5-4376-A066-2A32D752A2FF}</UniqueIdentifier>
      <Extensions>cpp;c;cc;cxx;def;odl;idl;hpj;bat;asm;asmx</Extensions>
    </Filter>
    <Filter Include="头文件">
      <UniqueIdentifier>{93995380-89BD-4b04-88EB-625FBE52EBFB}</UniqueIdentifier>
      <Extensions>h;hh;hpp;hxx;hm;inl;inc;xsd</Extensions>
    </Filter>
    <Filter Include="资源文件">
      <UniqueIdentifier>{67DA6AB6-F800-4c08-8B7A-83BB121AAD01}</UniqueIdentifier>
      <Extensions>rc;ico;cur;bmp;dlg;rc2;rct;bin;rgs;gif;jpg;jpeg;jpe;resx;tiff;tif;png;wav;mfcribbon-ms</Extensions>
    </Filter>
    <Filter Include="ChartCtrl">
      <UniqueIdentifier>{ea23bd41-dc5c-424c-9965-fb1ff0f0f6d3}</UniqueIdentifier>
    </Filter>
    <Filter Include="Filter">
      <UniqueIdentifier>{bea0b982-58e7-4372-bf87-2c8d76746d0a}</UniqueIdentifier>
    </Filter>
    <Filter Include="Algo">
      <UniqueIdentifier>{338dcfa7-f963-41ad-9bb5-5e5fd3a6f753}</UniqueIdentifier>
    </Filter>
    <Filter Include="CSerialPort">
      <UniqueIdentifier>{10a14126-3ce3-4980-a6e8-418c56546354}</UniqueIdentifier>
    </Filter>
    <Filter Include="CSerialPort\src">
      <UniqueIdentifier>{1ee2c499-500d-4547-bb81-d21d1077d833}</UniqueIdentifier>
    </Filter>
    <Filter Include="Algo\imu_st">
      <UniqueIdentifier>{f5bca158-c2ea-40bf-aec8-eb98e6480762}</UniqueIdentifier>
    </Filter>
    <Filter Include="Algo\qst">
      <UniqueIdentifier>{41156783-86a2-4fbd-ad3d-e8ba26638958}</UniqueIdentifier>
    </Filter>
    <Filter Include="CSVReader">
      <UniqueIdentifier>{b5e8c1db-a2cf-4f85-8c92-f76f4843a8df}</UniqueIdentifier>
    </Filter>
  </ItemGroup>
  <ItemGroup>
    <Text Include="ReadMe.txt" />
  </ItemGroup>
  <ItemGroup>
    <ClInclude Include="qstevb.h">
      <Filter>头文件</Filter>
    </ClInclude>
    <ClInclude Include="qstevbDlg.h">
      <Filter>头文件</Filter>
    </ClInclude>
    <ClInclude Include="stdafx.h">
      <Filter>头文件</Filter>
    </ClInclude>
    <ClInclude Include="targetver.h">
      <Filter>头文件</Filter>
    </ClInclude>
    <ClInclude Include="Resource.h">
      <Filter>头文件</Filter>
    </ClInclude>
    <ClInclude Include="ChartCtrl\ChartAxis.h">
      <Filter>ChartCtrl</Filter>
    </ClInclude>
    <ClInclude Include="ChartCtrl\ChartAxisLabel.h">
      <Filter>ChartCtrl</Filter>
    </ClInclude>
    <ClInclude Include="ChartCtrl\ChartBalloonLabel.h">
      <Filter>ChartCtrl</Filter>
    </ClInclude>
    <ClInclude Include="ChartCtrl\ChartBarSerie.h">
      <Filter>ChartCtrl</Filter>
    </ClInclude>
    <ClInclude Include="ChartCtrl\ChartCandlestickSerie.h">
      <Filter>ChartCtrl</Filter>
    </ClInclude>
    <ClInclude Include="ChartCtrl\ChartCrossHairCursor.h">
      <Filter>ChartCtrl</Filter>
    </ClInclude>
    <ClInclude Include="ChartCtrl\ChartCtrl.h">
      <Filter>ChartCtrl</Filter>
    </ClInclude>
    <ClInclude Include="ChartCtrl\ChartCursor.h">
      <Filter>ChartCtrl</Filter>
    </ClInclude>
    <ClInclude Include="ChartCtrl\ChartDateTimeAxis.h">
      <Filter>ChartCtrl</Filter>
    </ClInclude>
    <ClInclude Include="ChartCtrl\ChartDragLineCursor.h">
      <Filter>ChartCtrl</Filter>
    </ClInclude>
    <ClInclude Include="ChartCtrl\ChartFont.h">
      <Filter>ChartCtrl</Filter>
    </ClInclude>
    <ClInclude Include="ChartCtrl\ChartGanttSerie.h">
      <Filter>ChartCtrl</Filter>
    </ClInclude>
    <ClInclude Include="ChartCtrl\ChartGradient.h">
      <Filter>ChartCtrl</Filter>
    </ClInclude>
    <ClInclude Include="ChartCtrl\ChartGrid.h">
      <Filter>ChartCtrl</Filter>
    </ClInclude>
    <ClInclude Include="ChartCtrl\ChartLabel.h">
      <Filter>ChartCtrl</Filter>
    </ClInclude>
    <ClInclude Include="ChartCtrl\ChartLegend.h">
      <Filter>ChartCtrl</Filter>
    </ClInclude>
    <ClInclude Include="ChartCtrl\ChartLineSerie.h">
      <Filter>ChartCtrl</Filter>
    </ClInclude>
    <ClInclude Include="ChartCtrl\ChartLogarithmicAxis.h">
      <Filter>ChartCtrl</Filter>
    </ClInclude>
    <ClInclude Include="ChartCtrl\ChartMouseListener.h">
      <Filter>ChartCtrl</Filter>
    </ClInclude>
    <ClInclude Include="ChartCtrl\ChartPointsArray.h">
      <Filter>ChartCtrl</Filter>
    </ClInclude>
    <ClInclude Include="ChartCtrl\ChartPointsSerie.h">
      <Filter>ChartCtrl</Filter>
    </ClInclude>
    <ClInclude Include="ChartCtrl\ChartScrollBar.h">
      <Filter>ChartCtrl</Filter>
    </ClInclude>
    <ClInclude Include="ChartCtrl\ChartSerie.h">
      <Filter>ChartCtrl</Filter>
    </ClInclude>
    <ClInclude Include="ChartCtrl\ChartSerieBase.h">
      <Filter>ChartCtrl</Filter>
    </ClInclude>
    <ClInclude Include="ChartCtrl\ChartSeriesMouseListener.h">
      <Filter>ChartCtrl</Filter>
    </ClInclude>
    <ClInclude Include="ChartCtrl\ChartStandardAxis.h">
      <Filter>ChartCtrl</Filter>
    </ClInclude>
    <ClInclude Include="ChartCtrl\ChartString.h">
      <Filter>ChartCtrl</Filter>
    </ClInclude>
    <ClInclude Include="ChartCtrl\ChartSurfaceSerie.h">
      <Filter>ChartCtrl</Filter>
    </ClInclude>
    <ClInclude Include="ChartCtrl\ChartTitle.h">
      <Filter>ChartCtrl</Filter>
    </ClInclude>
    <ClInclude Include="ChartCtrl\ChartXYSerie.h">
      <Filter>ChartCtrl</Filter>
    </ClInclude>
    <ClInclude Include="ChartCtrl\PointsOrdering.h">
      <Filter>ChartCtrl</Filter>
    </ClInclude>
    <ClInclude Include="Filter\MyFilter.h">
      <Filter>Filter</Filter>
    </ClInclude>
    <ClInclude Include="Algo\imu_st\imu_soft_st.h">
      <Filter>Algo\imu_st</Filter>
    </ClInclude>
    <ClInclude Include="Algo\qst\fusion_interface.h">
      <Filter>Algo\qst</Filter>
    </ClInclude>
    <ClInclude Include="Algo\qst\QstAlgoLog.h">
      <Filter>Algo\qst</Filter>
    </ClInclude>
    <ClInclude Include="CSVReader\CSVReader.hpp">
      <Filter>CSVReader</Filter>
    </ClInclude>
  </ItemGroup>
  <ItemGroup>
    <ClCompile Include="qstevb.cpp">
      <Filter>源文件</Filter>
    </ClCompile>
    <ClCompile Include="qstevbDlg.cpp">
      <Filter>源文件</Filter>
    </ClCompile>
    <ClCompile Include="stdafx.cpp">
      <Filter>源文件</Filter>
    </ClCompile>
    <ClCompile Include="ChartCtrl\ChartAxis.cpp">
      <Filter>ChartCtrl</Filter>
    </ClCompile>
    <ClCompile Include="ChartCtrl\ChartAxisLabel.cpp">
      <Filter>ChartCtrl</Filter>
    </ClCompile>
    <ClCompile Include="ChartCtrl\ChartBarSerie.cpp">
      <Filter>ChartCtrl</Filter>
    </ClCompile>
    <ClCompile Include="ChartCtrl\ChartCandlestickSerie.cpp">
      <Filter>ChartCtrl</Filter>
    </ClCompile>
    <ClCompile Include="ChartCtrl\ChartCrossHairCursor.cpp">
      <Filter>ChartCtrl</Filter>
    </ClCompile>
    <ClCompile Include="ChartCtrl\ChartCtrl.cpp">
      <Filter>ChartCtrl</Filter>
    </ClCompile>
    <ClCompile Include="ChartCtrl\ChartCursor.cpp">
      <Filter>ChartCtrl</Filter>
    </ClCompile>
    <ClCompile Include="ChartCtrl\ChartDateTimeAxis.cpp">
      <Filter>ChartCtrl</Filter>
    </ClCompile>
    <ClCompile Include="ChartCtrl\ChartDragLineCursor.cpp">
      <Filter>ChartCtrl</Filter>
    </ClCompile>
    <ClCompile Include="ChartCtrl\ChartFont.cpp">
      <Filter>ChartCtrl</Filter>
    </ClCompile>
    <ClCompile Include="ChartCtrl\ChartGanttSerie.cpp">
      <Filter>ChartCtrl</Filter>
    </ClCompile>
    <ClCompile Include="ChartCtrl\ChartGradient.cpp">
      <Filter>ChartCtrl</Filter>
    </ClCompile>
    <ClCompile Include="ChartCtrl\ChartGrid.cpp">
      <Filter>ChartCtrl</Filter>
    </ClCompile>
    <ClCompile Include="ChartCtrl\ChartLegend.cpp">
      <Filter>ChartCtrl</Filter>
    </ClCompile>
    <ClCompile Include="ChartCtrl\ChartLineSerie.cpp">
      <Filter>ChartCtrl</Filter>
    </ClCompile>
    <ClCompile Include="ChartCtrl\ChartLogarithmicAxis.cpp">
      <Filter>ChartCtrl</Filter>
    </ClCompile>
    <ClCompile Include="ChartCtrl\ChartPointsSerie.cpp">
      <Filter>ChartCtrl</Filter>
    </ClCompile>
    <ClCompile Include="ChartCtrl\ChartScrollBar.cpp">
      <Filter>ChartCtrl</Filter>
    </ClCompile>
    <ClCompile Include="ChartCtrl\ChartSerie.cpp">
      <Filter>ChartCtrl</Filter>
    </ClCompile>
    <ClCompile Include="ChartCtrl\ChartStandardAxis.cpp">
      <Filter>ChartCtrl</Filter>
    </ClCompile>
    <ClCompile Include="ChartCtrl\ChartSurfaceSerie.cpp">
      <Filter>ChartCtrl</Filter>
    </ClCompile>
    <ClCompile Include="ChartCtrl\ChartTitle.cpp">
      <Filter>ChartCtrl</Filter>
    </ClCompile>
    <ClCompile Include="ChartCtrl\ChartXYSerie.cpp">
      <Filter>ChartCtrl</Filter>
    </ClCompile>
    <ClCompile Include="Filter\MyFilter.cpp">
      <Filter>Filter</Filter>
    </ClCompile>
    <ClCompile Include="CSerialPort\src\SerialPort.cpp">
      <Filter>CSerialPort\src</Filter>
    </ClCompile>
    <ClCompile Include="CSerialPort\src\SerialPortBase.cpp">
      <Filter>CSerialPort\src</Filter>
    </ClCompile>
    <ClCompile Include="CSerialPort\src\SerialPortInfo.cpp">
      <Filter>CSerialPort\src</Filter>
    </ClCompile>
    <ClCompile Include="CSerialPort\src\SerialPortInfoBase.cpp">
      <Filter>CSerialPort\src</Filter>
    </ClCompile>
    <ClCompile Include="CSerialPort\src\SerialPortInfoWinBase.cpp">
      <Filter>CSerialPort\src</Filter>
    </ClCompile>
    <ClCompile Include="CSerialPort\src\SerialPortWinBase.cpp">
      <Filter>CSerialPort\src</Filter>
    </ClCompile>
    <ClCompile Include="Algo\imu_st\imu_soft_st.cpp">
      <Filter>Algo\imu_st</Filter>
    </ClCompile>
    <ClCompile Include="Algo\qst\fusion_interface.c">
      <Filter>Algo\qst</Filter>
    </ClCompile>
    <ClCompile Include="Algo\qst\dummy_gyro\dummyGyro.c">
      <Filter>Algo\qst</Filter>
    </ClCompile>
    <ClCompile Include="Algo\qst\qst_convert\qst_convert.c">
      <Filter>Algo\qst</Filter>
    </ClCompile>
    <ClCompile Include="Algo\qst\qst_magcali\ical_qst.c">
      <Filter>Algo\qst</Filter>
    </ClCompile>
    <ClCompile Include="Algo\qst\qst_fastcali\qstFastCali.c">
      <Filter>Algo\qst</Filter>
    </ClCompile>
    <ClCompile Include="Algo\qst\qst_fusion\imualgo_axis9.c">
      <Filter>Algo\qst</Filter>
    </ClCompile>
    <ClCompile Include="SubDialog.cpp">
      <Filter>源文件</Filter>
    </ClCompile>
    <ClCompile Include="CSVReader\CSVReader.cpp">
      <Filter>CSVReader</Filter>
    </ClCompile>
  </ItemGroup>
  <ItemGroup>
    <ResourceCompile Include="qstevb.rc">
      <Filter>资源文件</Filter>
    </ResourceCompile>
  </ItemGroup>
  <ItemGroup>
    <None Include="res\qstevb.rc2">
      <Filter>资源文件</Filter>
    </None>
    <None Include="ChartCtrl\ChartBalloonLabel.inl">
      <Filter>ChartCtrl</Filter>
    </None>
    <None Include="ChartCtrl\ChartLabel.inl">
      <Filter>ChartCtrl</Filter>
    </None>
    <None Include="ChartCtrl\ChartPointsArray.inl">
      <Filter>ChartCtrl</Filter>
    </None>
    <None Include="ChartCtrl\ChartSerieBase.inl">
      <Filter>ChartCtrl</Filter>
    </None>
  </ItemGroup>
  <ItemGroup>
    <Image Include="res\qstevb.ico">
      <Filter>资源文件</Filter>
    </Image>
  </ItemGroup>
</Project>